
Microsoft Visual Studio Solution File, Format Version 12.00
# Visual Studio Version 17
VisualStudioVersion = 17.2.32630.192
MinimumVisualStudioVersion = 10.0.40219.1
Project("{9A19103F-16F7-4668-BE54-9A1E7A4F7556}") = "TradeCategory.Repository", "TradeCategory.Repository\TradeCategory.Repository.csproj", "{0A0B0BB0-1EAD-4E30-9059-4A66793FB5FF}"
EndProject
Project("{9A19103F-16F7-4668-BE54-9A1E7A4F7556}") = "TradeCategory.Tests", "TradeCategory.Tests\TradeCategory.Tests.csproj", "{E220A7AE-68F1-4C46-9545-489EF5FE86D3}"
EndProject
Project("{9A19103F-16F7-4668-BE54-9A1E7A4F7556}") = "TradeCategory.ConsoleApp", "TradeCategory.ConsoleApp\TradeCategory.ConsoleApp.csproj", "{A641B559-4985-4447-9ACE-72B865CB386D}"
EndProject
Global
	GlobalSection(SolutionConfigurationPlatforms) = preSolution
		Debug|Any CPU = Debug|Any CPU
		Release|Any CPU = Release|Any CPU
	EndGlobalSection
	GlobalSection(ProjectConfigurationPlatforms) = postSolution
		{0A0B0BB0-1EAD-4E30-9059-4A66793FB5FF}.Debug|Any CPU.ActiveCfg = Debug|Any CPU
		{0A0B0BB0-1EAD-4E30-9059-4A66793FB5FF}.Debug|Any CPU.Build.0 = Debug|Any CPU
		{0A0B0BB0-1EAD-4E30-9059-4A66793FB5FF}.Release|Any CPU.ActiveCfg = Release|Any CPU
		{0A0B0BB0-1EAD-4E30-9059-4A66793FB5FF}.Release|Any CPU.Build.0 = Release|Any CPU
		{E220A7AE-68F1-4C46-9545-489EF5FE86D3}.Debug|Any CPU.ActiveCfg = Debug|Any CPU
		{E220A7AE-68F1-4C46-9545-489EF5FE86D3}.Debug|Any CPU.Build.0 = Debug|Any CPU
		{E220A7AE-68F1-4C46-9545-489EF5FE86D3}.Release|Any CPU.ActiveCfg = Release|Any CPU
		{E220A7AE-68F1-4C46-9545-489EF5FE86D3}.Release|Any CPU.Build.0 = Release|Any CPU
		{A641B559-4985-4447-9ACE-72B865CB386D}.Debug|Any CPU.ActiveCfg = Debug|Any CPU
		{A641B559-4985-4447-9ACE-72B865CB386D}.Debug|Any CPU.Build.0 = Debug|Any CPU
		{A641B559-4985-4447-9ACE-72B865CB386D}.Release|Any CPU.ActiveCfg = Release|Any CPU
		{A641B559-4985-4447-9ACE-72B865CB386D}.Release|Any CPU.Build.0 = Release|Any CPU
	EndGlobalSection
	GlobalSection(SolutionProperties) = preSolution
		HideSolutionNode = FALSE
	EndGlobalSection
	GlobalSection(ExtensibilityGlobals) = postSolution
		SolutionGuid = {0C4A45DE-B474-45EA-B738-59390B26F0F0}
	EndGlobalSection
EndGlobal
